PODS:
  - React/Core (0.30.0)
  - React/RCTText (0.30.0):
    - React/Core
  - React/RCTWebSocket (0.30.0):
    - React/Core

DEPENDENCIES:
  - React/Core (from `../node_modules/react-native`)
  - React/RCTText (from `../node_modules/react-native`)
  - React/RCTWebSocket (from `../node_modules/react-native`)

EXTERNAL SOURCES:
  React:
    :path: "../node_modules/react-native"

SPEC CHECKSUMS:
  React: ed499ad8bb72560821a80fefa59e15a18f3ec75c

PODFILE CHECKSUM: cb9e13fbc4ad5e340b5e3535adb2d985e1f72ea5

COCOAPODS: 1.0.1
